
Microsoft Visual Studio Solution File, Format Version 12.00
Project("{FAE04EC0-301F-11D3-BF4B-00C04F79EFBC}") = "HandIn_2", "HandIn_2\HandIn_2.csproj", "{C5ABC52B-2914-43B6-9EE8-9AD7FD4A2731}"
EndProject
Global
	GlobalSection(SolutionConfigurationPlatforms) = preSolution
		Debug|Any CPU = Debug|Any CPU
		Release|Any CPU = Release|Any CPU
	EndGlobalSection
	GlobalSection(ProjectConfigurationPlatforms) = postSolution
		{C5ABC52B-2914-43B6-9EE8-9AD7FD4A2731}.Debug|Any CPU.ActiveCfg = Debug|Any CPU
		{C5ABC52B-2914-43B6-9EE8-9AD7FD4A2731}.Debug|Any CPU.Build.0 = Debug|Any CPU
		{C5ABC52B-2914-43B6-9EE8-9AD7FD4A2731}.Release|Any CPU.ActiveCfg = Release|Any CPU
		{C5ABC52B-2914-43B6-9EE8-9AD7FD4A2731}.Release|Any CPU.Build.0 = Release|Any CPU
	EndGlobalSection
EndGlobal
